
Microsoft Visual Studio Solution File, Format Version 11.00
# Visual C++ Express 2010
Project("{8BC9CEB8-8B4A-11D0-8D11-00A0C91BC942}") = "Sample2", "Sample2\Sample2.vcxproj", "{CCC3DCEE-2AA8-4B27-B49A-46DC9FE2ED58}"
EndProject
Global
	GlobalSection(SolutionConfigurationPlatforms) = preSolution
		Debug|Win32 = Debug|Win32
		Release|Win32 = Release|Win32
	EndGlobalSection
	GlobalSection(ProjectConfigurationPlatforms) = postSolution
		{CCC3DCEE-2AA8-4B27-B49A-46DC9FE2ED58}.Debug|Win32.ActiveCfg = Debug|Win32
		{CCC3DCEE-2AA8-4B27-B49A-46DC9FE2ED58}.Debug|Win32.Build.0 = Debug|Win32
		{CCC3DCEE-2AA8-4B27-B49A-46DC9FE2ED58}.Release|Win32.ActiveCfg = Release|Win32
		{CCC3DCEE-2AA8-4B27-B49A-46DC9FE2ED58}.Release|Win32.Build.0 = Release|Win32
	EndGlobalSection
	GlobalSection(SolutionProperties) = preSolution
		HideSolutionNode = FALSE
	EndGlobalSection
EndGlobal
