
Microsoft Visual Studio Solution File, Format Version 11.00
# Visual C++ Express 2010
Project("{8BC9CEB8-8B4A-11D0-8D11-00A0C91BC942}") = "Sample10", "Sample10\Sample10.vcxproj", "{94196571-2462-4AE8-90F5-4C2044052370}"
EndProject
Global
	GlobalSection(SolutionConfigurationPlatforms) = preSolution
		Debug|Win32 = Debug|Win32
		Release|Win32 = Release|Win32
	EndGlobalSection
	GlobalSection(ProjectConfigurationPlatforms) = postSolution
		{94196571-2462-4AE8-90F5-4C2044052370}.Debug|Win32.ActiveCfg = Debug|Win32
		{94196571-2462-4AE8-90F5-4C2044052370}.Debug|Win32.Build.0 = Debug|Win32
		{94196571-2462-4AE8-90F5-4C2044052370}.Release|Win32.ActiveCfg = Release|Win32
		{94196571-2462-4AE8-90F5-4C2044052370}.Release|Win32.Build.0 = Release|Win32
	EndGlobalSection
	GlobalSection(SolutionProperties) = preSolution
		HideSolutionNode = FALSE
	EndGlobalSection
EndGlobal
