
Microsoft Visual Studio Solution File, Format Version 11.00
# Visual C++ Express 2010
Project("{8BC9CEB8-8B4A-11D0-8D11-00A0C91BC942}") = "Sample15", "Sample15\Sample15.vcxproj", "{36C8973E-6C9D-4BEB-893B-ED2215A44C09}"
EndProject
Global
	GlobalSection(SolutionConfigurationPlatforms) = preSolution
		Debug|Win32 = Debug|Win32
		Release|Win32 = Release|Win32
	EndGlobalSection
	GlobalSection(ProjectConfigurationPlatforms) = postSolution
		{36C8973E-6C9D-4BEB-893B-ED2215A44C09}.Debug|Win32.ActiveCfg = Debug|Win32
		{36C8973E-6C9D-4BEB-893B-ED2215A44C09}.Debug|Win32.Build.0 = Debug|Win32
		{36C8973E-6C9D-4BEB-893B-ED2215A44C09}.Release|Win32.ActiveCfg = Release|Win32
		{36C8973E-6C9D-4BEB-893B-ED2215A44C09}.Release|Win32.Build.0 = Release|Win32
	EndGlobalSection
	GlobalSection(SolutionProperties) = preSolution
		HideSolutionNode = FALSE
	EndGlobalSection
EndGlobal
