
Microsoft Visual Studio Solution File, Format Version 11.00
# Visual C++ Express 2010
Project("{8BC9CEB8-8B4A-11D0-8D11-00A0C91BC942}") = "Sample4", "Sample4\Sample4.vcxproj", "{20CEED02-5AA9-40A7-A554-B1F3D8B5FC92}"
EndProject
Global
	GlobalSection(SolutionConfigurationPlatforms) = preSolution
		Debug|Win32 = Debug|Win32
		Release|Win32 = Release|Win32
	EndGlobalSection
	GlobalSection(ProjectConfigurationPlatforms) = postSolution
		{20CEED02-5AA9-40A7-A554-B1F3D8B5FC92}.Debug|Win32.ActiveCfg = Debug|Win32
		{20CEED02-5AA9-40A7-A554-B1F3D8B5FC92}.Debug|Win32.Build.0 = Debug|Win32
		{20CEED02-5AA9-40A7-A554-B1F3D8B5FC92}.Release|Win32.ActiveCfg = Release|Win32
		{20CEED02-5AA9-40A7-A554-B1F3D8B5FC92}.Release|Win32.Build.0 = Release|Win32
	EndGlobalSection
	GlobalSection(SolutionProperties) = preSolution
		HideSolutionNode = FALSE
	EndGlobalSection
EndGlobal
