
Microsoft Visual Studio Solution File, Format Version 11.00
# Visual C++ Express 2010
Project("{8BC9CEB8-8B4A-11D0-8D11-00A0C91BC942}") = "Sample7", "Sample7\Sample7.vcxproj", "{CEA0A504-2F7C-4708-BDD0-AD07C173E06A}"
EndProject
Global
	GlobalSection(SolutionConfigurationPlatforms) = preSolution
		Debug|Win32 = Debug|Win32
		Release|Win32 = Release|Win32
	EndGlobalSection
	GlobalSection(ProjectConfigurationPlatforms) = postSolution
		{CEA0A504-2F7C-4708-BDD0-AD07C173E06A}.Debug|Win32.ActiveCfg = Debug|Win32
		{CEA0A504-2F7C-4708-BDD0-AD07C173E06A}.Debug|Win32.Build.0 = Debug|Win32
		{CEA0A504-2F7C-4708-BDD0-AD07C173E06A}.Release|Win32.ActiveCfg = Release|Win32
		{CEA0A504-2F7C-4708-BDD0-AD07C173E06A}.Release|Win32.Build.0 = Release|Win32
	EndGlobalSection
	GlobalSection(SolutionProperties) = preSolution
		HideSolutionNode = FALSE
	EndGlobalSection
EndGlobal
