
Microsoft Visual Studio Solution File, Format Version 11.00
# Visual C++ Express 2010
Project("{8BC9CEB8-8B4A-11D0-8D11-00A0C91BC942}") = "Sample12", "Sample12\Sample12.vcxproj", "{761AE76E-F013-4213-B038-BFD5E6127789}"
EndProject
Global
	GlobalSection(SolutionConfigurationPlatforms) = preSolution
		Debug|Win32 = Debug|Win32
		Release|Win32 = Release|Win32
	EndGlobalSection
	GlobalSection(ProjectConfigurationPlatforms) = postSolution
		{761AE76E-F013-4213-B038-BFD5E6127789}.Debug|Win32.ActiveCfg = Debug|Win32
		{761AE76E-F013-4213-B038-BFD5E6127789}.Debug|Win32.Build.0 = Debug|Win32
		{761AE76E-F013-4213-B038-BFD5E6127789}.Release|Win32.ActiveCfg = Release|Win32
		{761AE76E-F013-4213-B038-BFD5E6127789}.Release|Win32.Build.0 = Release|Win32
	EndGlobalSection
	GlobalSection(SolutionProperties) = preSolution
		HideSolutionNode = FALSE
	EndGlobalSection
EndGlobal
