
Microsoft Visual Studio Solution File, Format Version 11.00
# Visual C++ Express 2010
Project("{8BC9CEB8-8B4A-11D0-8D11-00A0C91BC942}") = "Sample7", "Sample7\Sample7.vcxproj", "{0F97FC68-9F51-432F-8D22-A8F16D15A12F}"
EndProject
Global
	GlobalSection(SolutionConfigurationPlatforms) = preSolution
		Debug|Win32 = Debug|Win32
		Release|Win32 = Release|Win32
	EndGlobalSection
	GlobalSection(ProjectConfigurationPlatforms) = postSolution
		{0F97FC68-9F51-432F-8D22-A8F16D15A12F}.Debug|Win32.ActiveCfg = Debug|Win32
		{0F97FC68-9F51-432F-8D22-A8F16D15A12F}.Debug|Win32.Build.0 = Debug|Win32
		{0F97FC68-9F51-432F-8D22-A8F16D15A12F}.Release|Win32.ActiveCfg = Release|Win32
		{0F97FC68-9F51-432F-8D22-A8F16D15A12F}.Release|Win32.Build.0 = Release|Win32
	EndGlobalSection
	GlobalSection(SolutionProperties) = preSolution
		HideSolutionNode = FALSE
	EndGlobalSection
EndGlobal
