
Microsoft Visual Studio Solution File, Format Version 11.00
# Visual C++ Express 2010
Project("{8BC9CEB8-8B4A-11D0-8D11-00A0C91BC942}") = "Sample3", "Sample3\Sample3.vcxproj", "{4F74F47D-98CB-4840-B5E8-E1C7A6A2CC74}"
EndProject
Global
	GlobalSection(SolutionConfigurationPlatforms) = preSolution
		Debug|Win32 = Debug|Win32
		Release|Win32 = Release|Win32
	EndGlobalSection
	GlobalSection(ProjectConfigurationPlatforms) = postSolution
		{4F74F47D-98CB-4840-B5E8-E1C7A6A2CC74}.Debug|Win32.ActiveCfg = Debug|Win32
		{4F74F47D-98CB-4840-B5E8-E1C7A6A2CC74}.Debug|Win32.Build.0 = Debug|Win32
		{4F74F47D-98CB-4840-B5E8-E1C7A6A2CC74}.Release|Win32.ActiveCfg = Release|Win32
		{4F74F47D-98CB-4840-B5E8-E1C7A6A2CC74}.Release|Win32.Build.0 = Release|Win32
	EndGlobalSection
	GlobalSection(SolutionProperties) = preSolution
		HideSolutionNode = FALSE
	EndGlobalSection
EndGlobal
